<?xml version="1.0" encoding="UTF-8" standalone="yes" ?>
<CodeBlocks_project_file>
	<FileVersion major="1" minor="6" />
	<Project>
		<Option title="Hitjesfoon" />
		<Option makefile="makefile" />
		<Option pch_mode="2" />
		<Option compiler="gcc" />
		<Build>
			<Target title="Debug">
				<Option output="bin/Debug/Hitjesfoon" prefix_auto="1" extension_auto="1" />
				<Option object_output="obj/Debug/" />
				<Option type="1" />
				<Option compiler="gcc" />
				<Compiler>
					<Add option="-g" />
				</Compiler>
			</Target>
			<Target title="Release">
				<Option output="bin/Release/Hitjesfoon" prefix_auto="1" extension_auto="1" />
				<Option object_output="obj/Release/" />
				<Option type="1" />
				<Option compiler="gcc" />
				<Compiler>
					<Add option="-O2" />
				</Compiler>
				<Linker>
					<Add option="-s" />
				</Linker>
			</Target>
		</Build>
		<Compiler>
			<Add option="-std=c++11" />
			<Add option="-std=c++0x" />
			<Add option="-Wall" />
			<Add option="-fexceptions" />
			<Add option="-DCURL_STATICLIB" />
			<Add directory="vlc/include" />
			<Add directory="hidapi/include" />
			<Add directory="include" />
			<Add directory="curl/include" />
			<Add directory="jsoncpp/include" />
			<Add directory="ffmpeg/include" />
			<Add directory="pocketsphinx/include" />
			<Add directory="sphinxbase/include" />
		</Compiler>
		<Linker>
			<Add option="-static" />
			<Add option='-L&quot;curl\lib&quot;' />
			<Add option='-L&quot;jsoncpp\lib&quot;' />
			<Add option='-L&quot;ffmpeg\lib&quot;' />
			<Add option='-L&quot;vlc\lib&quot;' />
			<Add option='-L&quot;hidapi\lib&quot;' />
			<Add library="hidapi.dll" />
			<Add library="vlc\lib\libvlc.lib" />
			<Add library="setupapi" />
			<Add library="curl" />
			<Add library="rtmp" />
			<Add library="winmm" />
			<Add library="ssh2" />
			<Add library="ssl" />
			<Add library="crypto" />
			<Add library="gdi32" />
			<Add library="crypt32" />
			<Add library="z" />
			<Add library="idn" />
			<Add library="wldap32" />
			<Add library="ws2_32" />
			<Add library="jsoncpp" />
		</Linker>
		<Unit filename="include/AudioList.h" />
		<Unit filename="include/AudioMenu.h" />
		<Unit filename="include/AudioMenuItem.h" />
		<Unit filename="include/AudioPlayer.h" />
		<Unit filename="include/AudioPlayerEventListener.h" />
		<Unit filename="include/ConfigAudioMenu.h" />
		<Unit filename="include/HTTPTransfer.h" />
		<Unit filename="include/InputProcessor.h" />
		<Unit filename="include/JsonParser.h" />
		<Unit filename="include/ScreenCommands.h" />
		<Unit filename="include/Tools.h" />
		<Unit filename="include/USBConnection.h" />
		<Unit filename="include/VLC.h" />
		<Unit filename="include/YoutubeAPI.h" />
		<Unit filename="main.cpp" />
		<Unit filename="src/AudioList.cpp" />
		<Unit filename="src/AudioMenu.cpp" />
		<Unit filename="src/AudioMenuItem.cpp" />
		<Unit filename="src/AudioPlayer.cpp" />
		<Unit filename="src/ConfigAudioMenu.cpp" />
		<Unit filename="src/HTTPTransfer.cpp" />
		<Unit filename="src/InputProcessor.cpp" />
		<Unit filename="src/JsonParser.cpp" />
		<Unit filename="src/Tools.cpp" />
		<Unit filename="src/USBConnection.cpp" />
		<Unit filename="src/VLC.cpp" />
		<Unit filename="src/YoutubeAPI.cpp" />
		<Extensions>
			<code_completion />
			<envvars />
			<debugger />
			<lib_finder disable_auto="1" />
			<DoxyBlocks>
				<comment_style block="0" line="0" />
				<doxyfile_project />
				<doxyfile_build />
				<doxyfile_warnings />
				<doxyfile_output />
				<doxyfile_dot />
				<general />
			</DoxyBlocks>
		</Extensions>
	</Project>
</CodeBlocks_project_file>
